// !$*UTF8*$!
{
	archiveVersion = 1;
	classes = {
	};
	objectVersion = 50;
	objects = {

/* Begin PBXBuildFile section */
		3C1F9B242205F80100BA1135 /* AppDelegate.swift in Sources */ = {isa = PBXBuildFile; fileRef = 3C1F9B232205F80100BA1135 /* AppDelegate.swift */; };
		3C1F9B262205F80100BA1135 /* ViewController.swift in Sources */ = {isa = PBXBuildFile; fileRef = 3C1F9B252205F80100BA1135 /* ViewController.swift */; };
		3C1F9B292205F80100BA1135 /* Main.storyboard in Resources */ = {isa = PBXBuildFile; fileRef = 3C1F9B272205F80100BA1135 /* Main.storyboard */; };
		3C1F9B2B2205F80200BA1135 /* Assets.xcassets in Resources */ = {isa = PBXBuildFile; fileRef = 3C1F9B2A2205F80200BA1135 /* Assets.xcassets */; };
		3C1F9B2E2205F80200BA1135 /* LaunchScreen.storyboard in Resources */ = {isa = PBXBuildFile; fileRef = 3C1F9B2C2205F80200BA1135 /* LaunchScreen.storyboard */; };
		3C1F9B392205F80200BA1135 /* MyFirstAppTests.swift in Sources */ = {isa = PBXBuildFile; fileRef = 3C1F9B382205F80200BA1135 /* MyFirstAppTests.swift */; };
		3C1F9B442205F80200BA1135 /* MyFirstAppUITests.swift in Sources */ = {isa = PBXBuildFile; fileRef = 3C1F9B432205F80200BA1135 /* MyFirstAppUITests.swift */; };
/* End PBXBuildFile section */

/* Begin PBXContainerItemProxy section */
		3C1F9B352205F80200BA1135 /* PBXContainerItemProxy */ = {
			isa = PBXContainerItemProxy;
			containerPortal = 3C1F9B182205F80100BA1135 /* Project object */;
			proxyType = 1;
			remoteGlobalIDString = 3C1F9B1F2205F80100BA1135;
			remoteInfo = MyFirstApp;
		};
		3C1F9B402205F80200BA1135 /* PBXContainerItemProxy */ = {
			isa = PBXContainerItemProxy;
			containerPortal = 3C1F9B182205F80100BA1135 /* Project object */;
			proxyType = 1;
			remoteGlobalIDString = 3C1F9B1F2205F80100BA1135;
			remoteInfo = MyFirstApp;
		};
/* End PBXContainerItemProxy section */

/* Begin PBXFileReference section */
		3C1F9B202205F80100BA1135 /* MyFirstApp.app */ = {isa = PBXFileReference; explicitFileType = wrapper.application; includeInIndex = 0; path = MyFirstApp.app; sourceTree = BUILT_PRODUCTS_DIR; };
		3C1F9B232205F80100BA1135 /* AppDelegate.swift */ = {isa = PBXFileReference; lastKnownFileType = sourcecode.swift; path = AppDelegate.swift; sourceTree = "<group>"; };
		3C1F9B252205F80100BA1135 /* ViewController.swift */ = {isa = PBXFileReference; lastKnownFileType = sourcecode.swift; path = ViewController.swift; sourceTree = "<group>"; };
		3C1F9B282205F80100BA1135 /* Base */ = {isa = PBXFileReference; lastKnownFileType = file.storyboard; name = Base; path = Base.lproj/Main.storyboard; sourceTree = "<group>"; };
		3C1F9B2A2205F80200BA1135 /* Assets.xcassets */ = {isa = PBXFileReference; lastKnownFileType = folder.assetcatalog; path = Assets.xcassets; sourceTree = "<group>"; };
		3C1F9B2D2205F80200BA1135 /* Base */ = {isa = PBXFileReference; lastKnownFileType = file.storyboard; name = Base; path = Base.lproj/LaunchScreen.storyboard; sourceTree = "<group>"; };
		3C1F9B2F2205F80200BA1135 /* Info.plist */ = {isa = PBXFileReference; lastKnownFileType = text.plist.xml; path = Info.plist; sourceTree = "<group>"; };
		3C1F9B342205F80200BA1135 /* MyFirstAppTests.xctest */ = {isa = PBXFileReference; explicitFileType = wrapper.cfbundle; includeInIndex = 0; path = MyFirstAppTests.xctest; sourceTree = BUILT_PRODUCTS_DIR; };
		3C1F9B382205F80200BA1135 /* MyFirstAppTests.swift */ = {isa = PBXFileReference; lastKnownFileType = sourcecode.swift; path = MyFirstAppTests.swift; sourceTree = "<group>"; };
		3C1F9B3A2205F80200BA1135 /* Info.plist */ = {isa = PBXFileReference; lastKnownFileType = text.plist.xml; path = Info.plist; sourceTree = "<group>"; };
		3C1F9B3F2205F80200BA1135 /* MyFirstAppUITests.xctest */ = {isa = PBXFileReference; explicitFileType = wrapper.cfbundle; includeInIndex = 0; path = MyFirstAppUITests.xctest; sourceTree = BUILT_PRODUCTS_DIR; };
		3C1F9B432205F80200BA1135 /* MyFirstAppUITests.swift */ = {isa = PBXFileReference; lastKnownFileType = sourcecode.swift; path = MyFirstAppUITests.swift; sourceTree = "<group>"; };
		3C1F9B452205F80200BA1135 /* Info.plist */ = {isa = PBXFileReference; lastKnownFileType = text.plist.xml; path = Info.plist; sourceTree = "<group>"; };
/* End PBXFileReference section */

/* Begin PBXFrameworksBuildPhase section */
		3C1F9B1D2205F80100BA1135 /* Frameworks */ = {
			isa = PBXFrameworksBuildPhase;
			buildActionMask = 2147483647;
			files = (
			);
			runOnlyForDeploymentPostprocessing = 0;
		};
		3C1F9B312205F80200BA1135 /* Frameworks */ = {
			isa = PBXFrameworksBuildPhase;
			buildActionMask = 2147483647;
			files = (
			);
			runOnlyForDeploymentPostprocessing = 0;
		};
		3C1F9B3C2205F80200BA1135 /* Frameworks */ = {
			isa = PBXFrameworksBuildPhase;
			buildActionMask = 2147483647;
			files = (
			);
			runOnlyForDeploymentPostprocessing = 0;
		};
/* End PBXFrameworksBuildPhase section */

/* Begin PBXGroup section */
		3C1F9B172205F80100BA1135 = {
			isa = PBXGroup;
			children = (
				3C1F9B222205F80100BA1135 /* MyFirstApp */,
				3C1F9B372205F80200BA1135 /* MyFirstAppTests */,
				3C1F9B422205F80200BA1135 /* MyFirstAppUITests */,
				3C1F9B212205F80100BA1135 /* Products */,
			);
			sourceTree = "<group>";
		};
		3C1F9B212205F80100BA1135 /* Products */ = {
			isa = PBXGroup;
			children = (
				3C1F9B202205F80100BA1135 /* MyFirstApp.app */,
				3C1F9B342205F80200BA1135 /* MyFirstAppTests.xctest */,
				3C1F9B3F2205F80200BA1135 /* MyFirstAppUITests.xctest */,
			);
			name = Products;
			sourceTree = "<group>";
		};
		3C1F9B222205F80100BA1135 /* MyFirstApp */ = {
			isa = PBXGroup;
			children = (
				3C1F9B232205F80100BA1135 /* AppDelegate.swift */,
				3C1F9B252205F80100BA1135 /* ViewController.swift */,
				3C1F9B272205F80100BA1135 /* Main.storyboard */,
				3C1F9B2A2205F80200BA1135 /* Assets.xcassets */,
				3C1F9B2C2205F80200BA1135 /* LaunchScreen.storyboard */,
				3C1F9B2F2205F80200BA1135 /* Info.plist */,
			);
			path = MyFirstApp;
			sourceTree = "<group>";
		};
		3C1F9B372205F80200BA1135 /* MyFirstAppTests */ = {
			isa = PBXGroup;
			children = (
				3C1F9B382205F80200BA1135 /* MyFirstAppTests.swift */,
				3C1F9B3A2205F80200BA1135 /* Info.plist */,
			);
			path = MyFirstAppTests;
			sourceTree = "<group>";
		};
		3C1F9B422205F80200BA1135 /* MyFirstAppUITests */ = {
			isa = PBXGroup;
			children = (
				3C1F9B432205F80200BA1135 /* MyFirstAppUITests.swift */,
				3C1F9B452205F80200BA1135 /* Info.plist */,
			);
			path = MyFirstAppUITests;
			sourceTree = "<group>";
		};
/* End PBXGroup section */

/* Begin PBXNativeTarget section */
		3C1F9B1F2205F80100BA1135 /* MyFirstApp */ = {
			isa = PBXNativeTarget;
			buildConfigurationList = 3C1F9B482205F80200BA1135 /* Build configuration list for PBXNativeTarget "MyFirstApp" */;
			buildPhases = (
				3C1F9B1C2205F80100BA1135 /* Sources */,
				3C1F9B1D2205F80100BA1135 /* Frameworks */,
				3C1F9B1E2205F80100BA1135 /* Resources */,
			);
			buildRules = (
			);
			dependencies = (
			);
			name = MyFirstApp;
			productName = MyFirstApp;
			productReference = 3C1F9B202205F80100BA1135 /* MyFirstApp.app */;
			productType = "com.apple.product-type.application";
		};
		3C1F9B332205F80200BA1135 /* MyFirstAppTests */ = {
			isa = PBXNativeTarget;
			buildConfigurationList = 3C1F9B4B2205F80200BA1135 /* Build configuration list for PBXNativeTarget "MyFirstAppTests" */;
			buildPhases = (
				3C1F9B302205F80200BA1135 /* Sources */,
				3C1F9B312205F80200BA1135 /* Frameworks */,
				3C1F9B322205F80200BA1135 /* Resources */,
			);
			buildRules = (
			);
			dependencies = (
				3C1F9B362205F80200BA1135 /* PBXTargetDependency */,
			);
			name = MyFirstAppTests;
			productName = MyFirstAppTests;
			productReference = 3C1F9B342205F80200BA1135 /* MyFirstAppTests.xctest */;
			productType = "com.apple.product-type.bundle.unit-test";
		};
		3C1F9B3E2205F80200BA1135 /* MyFirstAppUITests */ = {
			isa = PBXNativeTarget;
			buildConfigurationList = 3C1F9B4E2205F80200BA1135 /* Build configuration list for PBXNativeTarget "MyFirstAppUITests" */;
			buildPhases = (
				3C1F9B3B2205F80200BA1135 /* Sources */,
				3C1F9B3C2205F80200BA1135 /* Frameworks */,
				3C1F9B3D2205F80200BA1135 /* Resources */,
			);
			buildRules = (
			);
			dependencies = (
				3C1F9B412205F80200BA1135 /* PBXTargetDependency */,
			);
			name = MyFirstAppUITests;
			productName = MyFirstAppUITests;
			productReference = 3C1F9B3F2205F80200BA1135 /* MyFirstAppUITests.xctest */;
			productType = "com.apple.product-type.bundle.ui-testing";
		};
/* End PBXNativeTarget section */

/* Begin PBXProject section */
		3C1F9B182205F80100BA1135 /* Project object */ = {
			isa = PBXProject;
			attributes = {
				LastSwiftUpdateCheck = 1010;
				LastUpgradeCheck = 1010;
				ORGANIZATIONNAME = "Tiago Benaias Pompeo";
				TargetAttributes = {
					3C1F9B1F2205F80100BA1135 = {
						CreatedOnToolsVersion = 10.1;
					};
					3C1F9B332205F80200BA1135 = {
						CreatedOnToolsVersion = 10.1;
						TestTargetID = 3C1F9B1F2205F80100BA1135;
					};
					3C1F9B3E2205F80200BA1135 = {
						CreatedOnToolsVersion = 10.1;
						TestTargetID = 3C1F9B1F2205F80100BA1135;
					};
				};
			};
			buildConfigurationList = 3C1F9B1B2205F80100BA1135 /* Build configuration list for PBXProject "MyFirstApp" */;
			compatibilityVersion = "Xcode 9.3";
			developmentRegion = en;
			hasScannedForEncodings = 0;
			knownRegions = (
				en,
				Base,
			);
			mainGroup = 3C1F9B172205F80100BA1135;
			productRefGroup = 3C1F9B212205F80100BA1135 /* Products */;
			projectDirPath = "";
			projectRoot = "";
			targets = (
				3C1F9B1F2205F80100BA1135 /* MyFirstApp */,
				3C1F9B332205F80200BA1135 /* MyFirstAppTests */,
				3C1F9B3E2205F80200BA1135 /* MyFirstAppUITests */,
			);
		};
/* End PBXProject section */

/* Begin PBXResourcesBuildPhase section */
		3C1F9B1E2205F80100BA1135 /* Resources */ = {
			isa = PBXResourcesBuildPhase;
			buildActionMask = 2147483647;
			files = (
				3C1F9B2E2205F80200BA1135 /* LaunchScreen.storyboard in Resources */,
				3C1F9B2B2205F80200BA1135 /* Assets.xcassets in Resources */,
				3C1F9B292205F80100BA1135 /* Main.storyboard in Resources */,
			);
			runOnlyForDeploymentPostprocessing = 0;
		};
		3C1F9B322205F80200BA1135 /* Resources */ = {
			isa = PBXResourcesBuildPhase;
			buildActionMask = 2147483647;
			files = (
			);
			runOnlyForDeploymentPostprocessing = 0;
		};
		3C1F9B3D2205F80200BA1135 /* Resources */ = {
			isa = PBXResourcesBuildPhase;
			buildActionMask = 2147483647;
			files = (
			);
			runOnlyForDeploymentPostprocessing = 0;
		};
/* End PBXResourcesBuildPhase section */

/* Begin PBXSourcesBuildPhase section */
		3C1F9B1C2205F80100BA1135 /* Sources */ = {
			isa = PBXSourcesBuildPhase;
			buildActionMask = 2147483647;
			files = (
				3C1F9B262205F80100BA1135 /* ViewController.swift in Sources */,
				3C1F9B242205F80100BA1135 /* AppDelegate.swift in Sources */,
			);
			runOnlyForDeploymentPostprocessing = 0;
		};
		3C1F9B302205F80200BA1135 /* Sources */ = {
			isa = PBXSourcesBuildPhase;
			buildActionMask = 2147483647;
			files = (
				3C1F9B392205F80200BA1135 /* MyFirstAppTests.swift in Sources */,
			);
			runOnlyForDeploymentPostprocessing = 0;
		};
		3C1F9B3B2205F80200BA1135 /* Sources */ = {
			isa = PBXSourcesBuildPhase;
			buildActionMask = 2147483647;
			files = (
				3C1F9B442205F80200BA1135 /* MyFirstAppUITests.swift in Sources */,
			);
			runOnlyForDeploymentPostprocessing = 0;
		};
/* End PBXSourcesBuildPhase section */

/* Begin PBXTargetDependency section */
		3C1F9B362205F80200BA1135 /* PBXTargetDependency */ = {
			isa = PBXTargetDependency;
			target = 3C1F9B1F2205F80100BA1135 /* MyFirstApp */;
			targetProxy = 3C1F9B352205F80200BA1135 /* PBXContainerItemProxy */;
		};
		3C1F9B412205F80200BA1135 /* PBXTargetDependency */ = {
			isa = PBXTargetDependency;
			target = 3C1F9B1F2205F80100BA1135 /* MyFirstApp */;
			targetProxy = 3C1F9B402205F80200BA1135 /* PBXContainerItemProxy */;
		};
/* End PBXTargetDependency section */

/* Begin PBXVariantGroup section */
		3C1F9B272205F80100BA1135 /* Main.storyboard */ = {
			isa = PBXVariantGroup;
			children = (
				3C1F9B282205F80100BA1135 /* Base */,
			);
			name = Main.storyboard;
			sourceTree = "<group>";
		};
		3C1F9B2C2205F80200BA1135 /* LaunchScreen.storyboard */ = {
			isa = PBXVariantGroup;
			children = (
				3C1F9B2D2205F80200BA1135 /* Base */,
			);
			name = LaunchScreen.storyboard;
			sourceTree = "<group>";
		};
/* End PBXVariantGroup section */

/* Begin XCBuildConfiguration section */
		3C1F9B462205F80200BA1135 /* Debug */ = {
			isa = XCBuildConfiguration;
			buildSettings = {
				ALWAYS_SEARCH_USER_PATHS = NO;
				CLANG_ANALYZER_NONNULL = YES;
				CLANG_ANALYZER_NUMBER_OBJECT_CONVERSION = YES_AGGRESSIVE;
				CLANG_CXX_LANGUAGE_STANDARD = "gnu++14";
				CLANG_CXX_LIBRARY = "libc++";
				CLANG_ENABLE_MODULES = YES;
				CLANG_ENABLE_OBJC_ARC = YES;
				CLANG_ENABLE_OBJC_WEAK = YES;
				CLANG_WARN_BLOCK_CAPTURE_AUTORELEASING = YES;
				CLANG_WARN_BOOL_CONVERSION = YES;
				CLANG_WARN_COMMA = YES;
				CLANG_WARN_CONSTANT_CONVERSION = YES;
				CLANG_WARN_DEPRECATED_OBJC_IMPLEMENTATIONS = YES;
				CLANG_WARN_DIRECT_OBJC_ISA_USAGE = YES_ERROR;
				CLANG_WARN_DOCUMENTATION_COMMENTS = YES;
				CLANG_WARN_EMPTY_BODY = YES;
				CLANG_WARN_ENUM_CONVERSION = YES;
				CLANG_WARN_INFINITE_RECURSION = YES;
				CLANG_WARN_INT_CONVERSION = YES;
				CLANG_WARN_NON_LITERAL_NULL_CONVERSION = YES;
				CLANG_WARN_OBJC_IMPLICIT_RETAIN_SELF = YES;
				CLANG_WARN_OBJC_LITERAL_CONVERSION = YES;
				CLANG_WARN_OBJC_ROOT_CLASS = YES_ERROR;
				CLANG_WARN_RANGE_LOOP_ANALYSIS = YES;
				CLANG_WARN_STRICT_PROTOTYPES = YES;
				CLANG_WARN_SUSPICIOUS_MOVE = YES;
				CLANG_WARN_UNGUARDED_AVAILABILITY = YES_AGGRESSIVE;
				CLANG_WARN_UNREACHABLE_CODE = YES;
				CLANG_WARN__DUPLICATE_METHOD_MATCH = YES;
				CODE_SIGN_IDENTITY = "iPhone Developer";
				COPY_PHASE_STRIP = NO;
				DEBUG_INFORMATION_FORMAT = dwarf;
				ENABLE_STRICT_OBJC_MSGSEND = YES;
				ENABLE_TESTABILITY = YES;
				GCC_C_LANGUAGE_STANDARD = gnu11;
				GCC_DYNAMIC_NO_PIC = NO;
				GCC_NO_COMMON_BLOCKS = YES;
				GCC_OPTIMIZATION_LEVEL = 0;
				GCC_PREPROCESSOR_DEFINITIONS = (
					"DEBUG=1",
					"$(inherited)",
				);
				GCC_WARN_64_TO_32_BIT_CONVERSION = YES;
				GCC_WARN_ABOUT_RETURN_TYPE = YES_ERROR;
				GCC_WARN_UNDECLARED_SELECTOR = YES;
				GCC_WARN_UNINITIALIZED_AUTOS = YES_AGGRESSIVE;
				GCC_WARN_UNUSED_FUNCTION = YES;
				GCC_WARN_UNUSED_VARIABLE = YES;
				IPHONEOS_DEPLOYMENT_TARGET = 12.1;
				MTL_ENABLE_DEBUG_INFO = INCLUDE_SOURCE;
				MTL_FAST_MATH = YES;
				ONLY_ACTIVE_ARCH = YES;
				SDKROOT = iphoneos;
				SWIFT_ACTIVE_COMPILATION_CONDITIONS = DEBUG;
				SWIFT_OPTIMIZATION_LEVEL = "-Onone";
			};
			name = Debug;
		};
		3C1F9B472205F80200BA1135 /* Release */ = {
			isa = XCBuildConfiguration;
			buildSettings = {
				ALWAYS_SEARCH_USER_PATHS = NO;
				CLANG_ANALYZER_NONNULL = YES;
				CLANG_ANALYZER_NUMBER_OBJECT_CONVERSION = YES_AGGRESSIVE;
				CLANG_CXX_LANGUAGE_STANDARD = "gnu++14";
				CLANG_CXX_LIBRARY = "libc++";
				CLANG_ENABLE_MODULES = YES;
				CLANG_ENABLE_OBJC_ARC = YES;
				CLANG_ENABLE_OBJC_WEAK = YES;
				CLANG_WARN_BLOCK_CAPTURE_AUTORELEASING = YES;
				CLANG_WARN_BOOL_CONVERSION = YES;
				CLANG_WARN_COMMA = YES;
				CLANG_WARN_CONSTANT_CONVERSION = YES;
				CLANG_WARN_DEPRECATED_OBJC_IMPLEMENTATIONS = YES;
				CLANG_WARN_DIRECT_OBJC_ISA_USAGE = YES_ERROR;
				CLANG_WARN_DOCUMENTATION_COMMENTS = YES;
				CLANG_WARN_EMPTY_BODY = YES;
				CLANG_WARN_ENUM_CONVERSION = YES;
				CLANG_WARN_INFINITE_RECURSION = YES;
				CLANG_WARN_INT_CONVERSION = YES;
				CLANG_WARN_NON_LITERAL_NULL_CONVERSION = YES;
				CLANG_WARN_OBJC_IMPLICIT_RETAIN_SELF = YES;
				CLANG_WARN_OBJC_LITERAL_CONVERSION = YES;
				CLANG_WARN_OBJC_ROOT_CLASS = YES_ERROR;
				CLANG_WARN_RANGE_LOOP_ANALYSIS = YES;
				CLANG_WARN_STRICT_PROTOTYPES = YES;
				CLANG_WARN_SUSPICIOUS_MOVE = YES;
				CLANG_WARN_UNGUARDED_AVAILABILITY = YES_AGGRESSIVE;
				CLANG_WARN_UNREACHABLE_CODE = YES;
				CLANG_WARN__DUPLICATE_METHOD_MATCH = YES;
				CODE_SIGN_IDENTITY = "iPhone Developer";
				COPY_PHASE_STRIP = NO;
				DEBUG_INFORMATION_FORMAT = "dwarf-with-dsym";
				ENABLE_NS_ASSERTIONS = NO;
				ENABLE_STRICT_OBJC_MSGSEND = YES;
				GCC_C_LANGUAGE_STANDARD = gnu11;
				GCC_NO_COMMON_BLOCKS = YES;
				GCC_WARN_64_TO_32_BIT_CONVERSION = YES;
				GCC_WARN_ABOUT_RETURN_TYPE = YES_ERROR;
				GCC_WARN_UNDECLARED_SELECTOR = YES;
				GCC_WARN_UNINITIALIZED_AUTOS = YES_AGGRESSIVE;
				GCC_WARN_UNUSED_FUNCTION = YES;
				GCC_WARN_UNUSED_VARIABLE = YES;
				IPHONEOS_DEPLOYMENT_TARGET = 12.1;
				MTL_ENABLE_DEBUG_INFO = NO;
				MTL_FAST_MATH = YES;
				SDKROOT = iphoneos;
				SWIFT_COMPILATION_MODE = wholemodule;
				SWIFT_OPTIMIZATION_LEVEL = "-O";
				VALIDATE_PRODUCT = YES;
			};
			name = Release;
		};
		3C1F9B492205F80200BA1135 /* Debug */ = {
			isa = XCBuildConfiguration;
			buildSettings = {
				ASSETCATALOG_COMPILER_APPICON_NAME = AppIcon;
				CODE_SIGN_STYLE = Automatic;
				DEVELOPMENT_TEAM = 6UX7B6JHLN;
				INFOPLIST_FILE = MyFirstApp/Info.plist;
				LD_RUNPATH_SEARCH_PATHS = (
					"$(inherited)",
					"@executable_path/Frameworks",
				);
				PRODUCT_BUNDLE_IDENTIFIER = com.pompeoapps.MyFirstApp;
				PRODUCT_NAME = "$(TARGET_NAME)";
				SWIFT_VERSION = 4.2;
				TARGETED_DEVICE_FAMILY = "1,2";
			};
			name = Debug;
		};
		3C1F9B4A2205F80200BA1135 /* Release */ = {
			isa = XCBuildConfiguration;
			buildSettings = {
				ASSETCATALOG_COMPILER_APPICON_NAME = AppIcon;
				CODE_SIGN_STYLE = Automatic;
				DEVELOPMENT_TEAM = 6UX7B6JHLN;
				INFOPLIST_FILE = MyFirstApp/Info.plist;
				LD_RUNPATH_SEARCH_PATHS = (
					"$(inherited)",
					"@executable_path/Frameworks",
				);
				PRODUCT_BUNDLE_IDENTIFIER = com.pompeoapps.MyFirstApp;
				PRODUCT_NAME = "$(TARGET_NAME)";
				SWIFT_VERSION = 4.2;
				TARGETED_DEVICE_FAMILY = "1,2";
			};
			name = Release;
		};
		3C1F9B4C2205F80200BA1135 /* Debug */ = {
			isa = XCBuildConfiguration;
			buildSettings = {
				ALWAYS_EMBED_SWIFT_STANDARD_LIBRARIES = YES;
				BUNDLE_LOADER = "$(TEST_HOST)";
				CODE_SIGN_STYLE = Automatic;
				DEVELOPMENT_TEAM = 6UX7B6JHLN;
				INFOPLIST_FILE = MyFirstAppTests/Info.plist;
				LD_RUNPATH_SEARCH_PATHS = (
					"$(inherited)",
					"@executable_path/Frameworks",
					"@loader_path/Frameworks",
				);
				PRODUCT_BUNDLE_IDENTIFIER = com.pompeoapps.MyFirstAppTests;
				PRODUCT_NAME = "$(TARGET_NAME)";
				SWIFT_VERSION = 4.2;
				TARGETED_DEVICE_FAMILY = "1,2";
				TEST_HOST = "$(BUILT_PRODUCTS_DIR)/MyFirstApp.app/MyFirstApp";
			};
			name = Debug;
		};
		3C1F9B4D2205F80200BA1135 /* Release */ = {
			isa = XCBuildConfiguration;
			buildSettings = {
				ALWAYS_EMBED_SWIFT_STANDARD_LIBRARIES = YES;
				BUNDLE_LOADER = "$(TEST_HOST)";
				CODE_SIGN_STYLE = Automatic;
				DEVELOPMENT_TEAM = 6UX7B6JHLN;
				INFOPLIST_FILE = MyFirstAppTests/Info.plist;
				LD_RUNPATH_SEARCH_PATHS = (
					"$(inherited)",
					"@executable_path/Frameworks",
					"@loader_path/Frameworks",
				);
				PRODUCT_BUNDLE_IDENTIFIER = com.pompeoapps.MyFirstAppTests;
				PRODUCT_NAME = "$(TARGET_NAME)";
				SWIFT_VERSION = 4.2;
				TARGETED_DEVICE_FAMILY = "1,2";
				TEST_HOST = "$(BUILT_PRODUCTS_DIR)/MyFirstApp.app/MyFirstApp";
			};
			name = Release;
		};
		3C1F9B4F2205F80200BA1135 /* Debug */ = {
			isa = XCBuildConfiguration;
			buildSettings = {
				ALWAYS_EMBED_SWIFT_STANDARD_LIBRARIES = YES;
				CODE_SIGN_STYLE = Automatic;
				DEVELOPMENT_TEAM = 6UX7B6JHLN;
				INFOPLIST_FILE = MyFirstAppUITests/Info.plist;
				LD_RUNPATH_SEARCH_PATHS = (
					"$(inherited)",
					"@executable_path/Frameworks",
					"@loader_path/Frameworks",
				);
				PRODUCT_BUNDLE_IDENTIFIER = com.pompeoapps.MyFirstAppUITests;
				PRODUCT_NAME = "$(TARGET_NAME)";
				SWIFT_VERSION = 4.2;
				TARGETED_DEVICE_FAMILY = "1,2";
				TEST_TARGET_NAME = MyFirstApp;
			};
			name = Debug;
		};
		3C1F9B502205F80200BA1135 /* Release */ = {
			isa = XCBuildConfiguration;
			buildSettings = {
				ALWAYS_EMBED_SWIFT_STANDARD_LIBRARIES = YES;
				CODE_SIGN_STYLE = Automatic;
				DEVELOPMENT_TEAM = 6UX7B6JHLN;
				INFOPLIST_FILE = MyFirstAppUITests/Info.plist;
				LD_RUNPATH_SEARCH_PATHS = (
					"$(inherited)",
					"@executable_path/Frameworks",
					"@loader_path/Frameworks",
				);
				PRODUCT_BUNDLE_IDENTIFIER = com.pompeoapps.MyFirstAppUITests;
				PRODUCT_NAME = "$(TARGET_NAME)";
				SWIFT_VERSION = 4.2;
				TARGETED_DEVICE_FAMILY = "1,2";
				TEST_TARGET_NAME = MyFirstApp;
			};
			name = Release;
		};
/* End XCBuildConfiguration section */

/* Begin XCConfigurationList section */
		3C1F9B1B2205F80100BA1135 /* Build configuration list for PBXProject "MyFirstApp" */ = {
			isa = XCConfigurationList;
			buildConfigurations = (
				3C1F9B462205F80200BA1135 /* Debug */,
				3C1F9B472205F80200BA1135 /* Release */,
			);
			defaultConfigurationIsVisible = 0;
			defaultConfigurationName = Release;
		};
		3C1F9B482205F80200BA1135 /* Build configuration list for PBXNativeTarget "MyFirstApp" */ = {
			isa = XCConfigurationList;
			buildConfigurations = (
				3C1F9B492205F80200BA1135 /* Debug */,
				3C1F9B4A2205F80200BA1135 /* Release */,
			);
			defaultConfigurationIsVisible = 0;
			defaultConfigurationName = Release;
		};
		3C1F9B4B2205F80200BA1135 /* Build configuration list for PBXNativeTarget "MyFirstAppTests" */ = {
			isa = XCConfigurationList;
			buildConfigurations = (
				3C1F9B4C2205F80200BA1135 /* Debug */,
				3C1F9B4D2205F80200BA1135 /* Release */,
			);
			defaultConfigurationIsVisible = 0;
			defaultConfigurationName = Release;
		};
		3C1F9B4E2205F80200BA1135 /* Build configuration list for PBXNativeTarget "MyFirstAppUITests" */ = {
			isa = XCConfigurationList;
			buildConfigurations = (
				3C1F9B4F2205F80200BA1135 /* Debug */,
				3C1F9B502205F80200BA1135 /* Release */,
			);
			defaultConfigurationIsVisible = 0;
			defaultConfigurationName = Release;
		};
/* End XCConfigurationList section */
	};
	rootObject = 3C1F9B182205F80100BA1135 /* Project object */;
}
